// !$*UTF8*$!
{
	archiveVersion = 1;
	classes = {
	};
	objectVersion = 50;
	objects = {

/* Begin PBXBuildFile section */
		56E9F17EAF4DB4B71FCD522D /* Pods_MazeMovies_MazeMoviesUITests.framework in Frameworks */ = {isa = PBXBuildFile; fileRef = 7991E7CE14EC78154EBB6159 /* Pods_MazeMovies_MazeMoviesUITests.framework */; };
		9D1B668B25DBB8EC00840DD9 /* NowShowingCollectionViewCell.swift in Sources */ = {isa = PBXBuildFile; fileRef = 9D1B668A25DBB8EC00840DD9 /* NowShowingCollectionViewCell.swift */; };
		9D4C1D5625CFD0E600B59669 /* AppDelegate.swift in Sources */ = {isa = PBXBuildFile; fileRef = 9D4C1D5525CFD0E600B59669 /* AppDelegate.swift */; };
		9D4C1D5825CFD0E600B59669 /* SceneDelegate.swift in Sources */ = {isa = PBXBuildFile; fileRef = 9D4C1D5725CFD0E600B59669 /* SceneDelegate.swift */; };
		9D4C1D6025CFD0E600B59669 /* MazeMovies.xcdatamodeld in Sources */ = {isa = PBXBuildFile; fileRef = 9D4C1D5E25CFD0E600B59669 /* MazeMovies.xcdatamodeld */; };
		9D4C1D6225CFD0E900B59669 /* Assets.xcassets in Resources */ = {isa = PBXBuildFile; fileRef = 9D4C1D6125CFD0E900B59669 /* Assets.xcassets */; };
		9D4C1D6525CFD0E900B59669 /* LaunchScreen.storyboard in Resources */ = {isa = PBXBuildFile; fileRef = 9D4C1D6325CFD0E900B59669 /* LaunchScreen.storyboard */; };
		9D4C1D7025CFD0E900B59669 /* MazeMoviesTests.swift in Sources */ = {isa = PBXBuildFile; fileRef = 9D4C1D6F25CFD0E900B59669 /* MazeMoviesTests.swift */; };
		9D4C1D7B25CFD0E900B59669 /* MazeMoviesUITests.swift in Sources */ = {isa = PBXBuildFile; fileRef = 9D4C1D7A25CFD0E900B59669 /* MazeMoviesUITests.swift */; };
		9D4C1D9225CFD1D200B59669 /* LoginViewController.swift in Sources */ = {isa = PBXBuildFile; fileRef = 9D4C1D9125CFD1D200B59669 /* LoginViewController.swift */; };
		9D4C1D9B25CFDF7400B59669 /* UIView+Additions.swift in Sources */ = {isa = PBXBuildFile; fileRef = 9D4C1D9A25CFDF7400B59669 /* UIView+Additions.swift */; };
		9D8626F025DD079B00144707 /* HeaderCollectionReusableView.swift in Sources */ = {isa = PBXBuildFile; fileRef = 9D8626EF25DD079B00144707 /* HeaderCollectionReusableView.swift */; };
		9D8626F525DD0CEB00144707 /* UICollectionView+Additions.swift in Sources */ = {isa = PBXBuildFile; fileRef = 9D8626F425DD0CEB00144707 /* UICollectionView+Additions.swift */; };
		9DD41CB125D7FF9C00E4CB99 /* MMMainTabBarController.swift in Sources */ = {isa = PBXBuildFile; fileRef = 9DD41CB025D7FF9C00E4CB99 /* MMMainTabBarController.swift */; };
		9DD41CB625D7FFEB00E4CB99 /* HomeViewController.swift in Sources */ = {isa = PBXBuildFile; fileRef = 9DD41CB525D7FFEB00E4CB99 /* HomeViewController.swift */; };
		9DD41CBB25D7FFFE00E4CB99 /* SearchViewController.swift in Sources */ = {isa = PBXBuildFile; fileRef = 9DD41CBA25D7FFFE00E4CB99 /* SearchViewController.swift */; };
		9DD41CC025D8001000E4CB99 /* ProfileViewController.swift in Sources */ = {isa = PBXBuildFile; fileRef = 9DD41CBF25D8001000E4CB99 /* ProfileViewController.swift */; };
		9DD41CC525D8004400E4CB99 /* FavoritesViewController.swift in Sources */ = {isa = PBXBuildFile; fileRef = 9DD41CC425D8004400E4CB99 /* FavoritesViewController.swift */; };
		9DD41CCA25D8005200E4CB99 /* WatchListViewController.swift in Sources */ = {isa = PBXBuildFile; fileRef = 9DD41CC925D8005200E4CB99 /* WatchListViewController.swift */; };
		9DD41CCF25D80C3000E4CB99 /* MMViewController.swift in Sources */ = {isa = PBXBuildFile; fileRef = 9DD41CCE25D80C3000E4CB99 /* MMViewController.swift */; };
		9DD41CDA25D80F6300E4CB99 /* LoginViewModel.swift in Sources */ = {isa = PBXBuildFile; fileRef = 9DD41CD925D80F6300E4CB99 /* LoginViewModel.swift */; };
		9DEC3DF425D564F300DCA64C /* UIColor+Additions.swift in Sources */ = {isa = PBXBuildFile; fileRef = 9DEC3DF325D564F300DCA64C /* UIColor+Additions.swift */; };
		9DEE6C5C25E1325F00EA5866 /* RoundedButton.swift in Sources */ = {isa = PBXBuildFile; fileRef = 9DEE6C5B25E1325F00EA5866 /* RoundedButton.swift */; };
		9DEE6C6125E13A0A00EA5866 /* UI Additions.swift in Sources */ = {isa = PBXBuildFile; fileRef = 9DEE6C6025E13A0A00EA5866 /* UI Additions.swift */; };
		9DEE6C6625E13AFA00EA5866 /* UIViewController+Additions.swift in Sources */ = {isa = PBXBuildFile; fileRef = 9DEE6C6525E13AFA00EA5866 /* UIViewController+Additions.swift */; };
		A9145F9B04E4FF041C034CB6 /* Pods_MazeMoviesTests.framework in Frameworks */ = {isa = PBXBuildFile; fileRef = 65C9F1A63AA944458BAF1A29 /* Pods_MazeMoviesTests.framework */; };
		E31F4BF4BCE10834655FD8D5 /* Pods_MazeMovies.framework in Frameworks */ = {isa = PBXBuildFile; fileRef = 43CCA84B65B2B5ACE84F17EA /* Pods_MazeMovies.framework */; };
/* End PBXBuildFile section */

/* Begin PBXContainerItemProxy section */
		9D4C1D6C25CFD0E900B59669 /* PBXContainerItemProxy */ = {
			isa = PBXContainerItemProxy;
			containerPortal = 9D4C1D4A25CFD0E600B59669 /* Project object */;
			proxyType = 1;
			remoteGlobalIDString = 9D4C1D5125CFD0E600B59669;
			remoteInfo = MazeMovies;
		};
		9D4C1D7725CFD0E900B59669 /* PBXContainerItemProxy */ = {
			isa = PBXContainerItemProxy;
			containerPortal = 9D4C1D4A25CFD0E600B59669 /* Project object */;
			proxyType = 1;
			remoteGlobalIDString = 9D4C1D5125CFD0E600B59669;
			remoteInfo = MazeMovies;
		};
/* End PBXContainerItemProxy section */

/* Begin PBXFileReference section */
		3D17095D6BDB9568FFECC47E /* Pods-MazeMovies-MazeMoviesUITests.release.xcconfig */ = {isa = PBXFileReference; includeInIndex = 1; lastKnownFileType = text.xcconfig; name = "Pods-MazeMovies-MazeMoviesUITests.release.xcconfig"; path = "Target Support Files/Pods-MazeMovies-MazeMoviesUITests/Pods-MazeMovies-MazeMoviesUITests.release.xcconfig"; sourceTree = "<group>"; };
		43CCA84B65B2B5ACE84F17EA /* Pods_MazeMovies.framework */ = {isa = PBXFileReference; explicitFileType = wrapper.framework; includeInIndex = 0; path = Pods_MazeMovies.framework; sourceTree = BUILT_PRODUCTS_DIR; };
		65C9F1A63AA944458BAF1A29 /* Pods_MazeMoviesTests.framework */ = {isa = PBXFileReference; explicitFileType = wrapper.framework; includeInIndex = 0; path = Pods_MazeMoviesTests.framework; sourceTree = BUILT_PRODUCTS_DIR; };
		699DFF3F7ABD99C3985CE0FB /* Pods-MazeMovies-MazeMoviesUITests.debug.xcconfig */ = {isa = PBXFileReference; includeInIndex = 1; lastKnownFileType = text.xcconfig; name = "Pods-MazeMovies-MazeMoviesUITests.debug.xcconfig"; path = "Target Support Files/Pods-MazeMovies-MazeMoviesUITests/Pods-MazeMovies-MazeMoviesUITests.debug.xcconfig"; sourceTree = "<group>"; };
		7991E7CE14EC78154EBB6159 /* Pods_MazeMovies_MazeMoviesUITests.framework */ = {isa = PBXFileReference; explicitFileType = wrapper.framework; includeInIndex = 0; path = Pods_MazeMovies_MazeMoviesUITests.framework; sourceTree = BUILT_PRODUCTS_DIR; };
		86BA87117D1CCAA268514DF1 /* Pods-MazeMovies.debug.xcconfig */ = {isa = PBXFileReference; includeInIndex = 1; lastKnownFileType = text.xcconfig; name = "Pods-MazeMovies.debug.xcconfig"; path = "Target Support Files/Pods-MazeMovies/Pods-MazeMovies.debug.xcconfig"; sourceTree = "<group>"; };
		9D1B668A25DBB8EC00840DD9 /* NowShowingCollectionViewCell.swift */ = {isa = PBXFileReference; lastKnownFileType = sourcecode.swift; path = NowShowingCollectionViewCell.swift; sourceTree = "<group>"; };
		9D285D59247CF3075FC52EF8 /* Pods-MazeMovies.release.xcconfig */ = {isa = PBXFileReference; includeInIndex = 1; lastKnownFileType = text.xcconfig; name = "Pods-MazeMovies.release.xcconfig"; path = "Target Support Files/Pods-MazeMovies/Pods-MazeMovies.release.xcconfig"; sourceTree = "<group>"; };
		9D4C1D5225CFD0E600B59669 /* MazeMovies.app */ = {isa = PBXFileReference; explicitFileType = wrapper.application; includeInIndex = 0; path = MazeMovies.app; sourceTree = BUILT_PRODUCTS_DIR; };
		9D4C1D5525CFD0E600B59669 /* AppDelegate.swift */ = {isa = PBXFileReference; lastKnownFileType = sourcecode.swift; path = AppDelegate.swift; sourceTree = "<group>"; };
		9D4C1D5725CFD0E600B59669 /* SceneDelegate.swift */ = {isa = PBXFileReference; lastKnownFileType = sourcecode.swift; path = SceneDelegate.swift; sourceTree = "<group>"; };
		9D4C1D5F25CFD0E600B59669 /* MazeMovies.xcdatamodel */ = {isa = PBXFileReference; lastKnownFileType = wrapper.xcdatamodel; path = MazeMovies.xcdatamodel; sourceTree = "<group>"; };
		9D4C1D6125CFD0E900B59669 /* Assets.xcassets */ = {isa = PBXFileReference; lastKnownFileType = folder.assetcatalog; path = Assets.xcassets; sourceTree = "<group>"; };
		9D4C1D6425CFD0E900B59669 /* Base */ = {isa = PBXFileReference; lastKnownFileType = file.storyboard; name = Base; path = Base.lproj/LaunchScreen.storyboard; sourceTree = "<group>"; };
		9D4C1D6625CFD0E900B59669 /* Info.plist */ = {isa = PBXFileReference; lastKnownFileType = text.plist.xml; path = Info.plist; sourceTree = "<group>"; };
		9D4C1D6B25CFD0E900B59669 /* MazeMoviesTests.xctest */ = {isa = PBXFileReference; explicitFileType = wrapper.cfbundle; includeInIndex = 0; path = MazeMoviesTests.xctest; sourceTree = BUILT_PRODUCTS_DIR; };
		9D4C1D6F25CFD0E900B59669 /* MazeMoviesTests.swift */ = {isa = PBXFileReference; lastKnownFileType = sourcecode.swift; path = MazeMoviesTests.swift; sourceTree = "<group>"; };
		9D4C1D7125CFD0E900B59669 /* Info.plist */ = {isa = PBXFileReference; lastKnownFileType = text.plist.xml; path = Info.plist; sourceTree = "<group>"; };
		9D4C1D7625CFD0E900B59669 /* MazeMoviesUITests.xctest */ = {isa = PBXFileReference; explicitFileType = wrapper.cfbundle; includeInIndex = 0; path = MazeMoviesUITests.xctest; sourceTree = BUILT_PRODUCTS_DIR; };
		9D4C1D7A25CFD0E900B59669 /* MazeMoviesUITests.swift */ = {isa = PBXFileReference; lastKnownFileType = sourcecode.swift; path = MazeMoviesUITests.swift; sourceTree = "<group>"; };
		9D4C1D7C25CFD0E900B59669 /* Info.plist */ = {isa = PBXFileReference; lastKnownFileType = text.plist.xml; path = Info.plist; sourceTree = "<group>"; };
		9D4C1D9125CFD1D200B59669 /* LoginViewController.swift */ = {isa = PBXFileReference; lastKnownFileType = sourcecode.swift; path = LoginViewController.swift; sourceTree = "<group>"; };
		9D4C1D9A25CFDF7400B59669 /* UIView+Additions.swift */ = {isa = PBXFileReference; lastKnownFileType = sourcecode.swift; path = "UIView+Additions.swift"; sourceTree = "<group>"; };
		9D8626EF25DD079B00144707 /* HeaderCollectionReusableView.swift */ = {isa = PBXFileReference; lastKnownFileType = sourcecode.swift; path = HeaderCollectionReusableView.swift; sourceTree = "<group>"; };
		9D8626F425DD0CEB00144707 /* UICollectionView+Additions.swift */ = {isa = PBXFileReference; lastKnownFileType = sourcecode.swift; path = "UICollectionView+Additions.swift"; sourceTree = "<group>"; };
		9DD41CB025D7FF9C00E4CB99 /* MMMainTabBarController.swift */ = {isa = PBXFileReference; lastKnownFileType = sourcecode.swift; path = MMMainTabBarController.swift; sourceTree = "<group>"; };
		9DD41CB525D7FFEB00E4CB99 /* HomeViewController.swift */ = {isa = PBXFileReference; lastKnownFileType = sourcecode.swift; path = HomeViewController.swift; sourceTree = "<group>"; };
		9DD41CBA25D7FFFE00E4CB99 /* SearchViewController.swift */ = {isa = PBXFileReference; lastKnownFileType = sourcecode.swift; path = SearchViewController.swift; sourceTree = "<group>"; };
		9DD41CBF25D8001000E4CB99 /* ProfileViewController.swift */ = {isa = PBXFileReference; lastKnownFileType = sourcecode.swift; path = ProfileViewController.swift; sourceTree = "<group>"; };
		9DD41CC425D8004400E4CB99 /* FavoritesViewController.swift */ = {isa = PBXFileReference; lastKnownFileType = sourcecode.swift; path = FavoritesViewController.swift; sourceTree = "<group>"; };
		9DD41CC925D8005200E4CB99 /* WatchListViewController.swift */ = {isa = PBXFileReference; lastKnownFileType = sourcecode.swift; path = WatchListViewController.swift; sourceTree = "<group>"; };
		9DD41CCE25D80C3000E4CB99 /* MMViewController.swift */ = {isa = PBXFileReference; lastKnownFileType = sourcecode.swift; path = MMViewController.swift; sourceTree = "<group>"; };
		9DD41CD925D80F6300E4CB99 /* LoginViewModel.swift */ = {isa = PBXFileReference; lastKnownFileType = sourcecode.swift; path = LoginViewModel.swift; sourceTree = "<group>"; };
		9DEC3DF325D564F300DCA64C /* UIColor+Additions.swift */ = {isa = PBXFileReference; lastKnownFileType = sourcecode.swift; path = "UIColor+Additions.swift"; sourceTree = "<group>"; };
		9DEE6C5B25E1325F00EA5866 /* RoundedButton.swift */ = {isa = PBXFileReference; lastKnownFileType = sourcecode.swift; path = RoundedButton.swift; sourceTree = "<group>"; };
		9DEE6C6025E13A0A00EA5866 /* UI Additions.swift */ = {isa = PBXFileReference; lastKnownFileType = sourcecode.swift; path = "UI Additions.swift"; sourceTree = "<group>"; };
		9DEE6C6525E13AFA00EA5866 /* UIViewController+Additions.swift */ = {isa = PBXFileReference; lastKnownFileType = sourcecode.swift; path = "UIViewController+Additions.swift"; sourceTree = "<group>"; };
		DA48FD1ECD6DAE0E328158AC /* Pods-MazeMoviesTests.release.xcconfig */ = {isa = PBXFileReference; includeInIndex = 1; lastKnownFileType = text.xcconfig; name = "Pods-MazeMoviesTests.release.xcconfig"; path = "Target Support Files/Pods-MazeMoviesTests/Pods-MazeMoviesTests.release.xcconfig"; sourceTree = "<group>"; };
		DFD0EC7406F62E4FDD9A639D /* Pods-MazeMoviesTests.debug.xcconfig */ = {isa = PBXFileReference; includeInIndex = 1; lastKnownFileType = text.xcconfig; name = "Pods-MazeMoviesTests.debug.xcconfig"; path = "Target Support Files/Pods-MazeMoviesTests/Pods-MazeMoviesTests.debug.xcconfig"; sourceTree = "<group>"; };
/* End PBXFileReference section */

/* Begin PBXFrameworksBuildPhase section */
		9D4C1D4F25CFD0E600B59669 /* Frameworks */ = {
			isa = PBXFrameworksBuildPhase;
			buildActionMask = 2147483647;
			files = (
				E31F4BF4BCE10834655FD8D5 /* Pods_MazeMovies.framework in Frameworks */,
			);
			runOnlyForDeploymentPostprocessing = 0;
		};
		9D4C1D6825CFD0E900B59669 /* Frameworks */ = {
			isa = PBXFrameworksBuildPhase;
			buildActionMask = 2147483647;
			files = (
				A9145F9B04E4FF041C034CB6 /* Pods_MazeMoviesTests.framework in Frameworks */,
			);
			runOnlyForDeploymentPostprocessing = 0;
		};
		9D4C1D7325CFD0E900B59669 /* Frameworks */ = {
			isa = PBXFrameworksBuildPhase;
			buildActionMask = 2147483647;
			files = (
				56E9F17EAF4DB4B71FCD522D /* Pods_MazeMovies_MazeMoviesUITests.framework in Frameworks */,
			);
			runOnlyForDeploymentPostprocessing = 0;
		};
/* End PBXFrameworksBuildPhase section */

/* Begin PBXGroup section */
		4B42567FABF6D02F4247803C /* Pods */ = {
			isa = PBXGroup;
			children = (
				86BA87117D1CCAA268514DF1 /* Pods-MazeMovies.debug.xcconfig */,
				9D285D59247CF3075FC52EF8 /* Pods-MazeMovies.release.xcconfig */,
				699DFF3F7ABD99C3985CE0FB /* Pods-MazeMovies-MazeMoviesUITests.debug.xcconfig */,
				3D17095D6BDB9568FFECC47E /* Pods-MazeMovies-MazeMoviesUITests.release.xcconfig */,
				DFD0EC7406F62E4FDD9A639D /* Pods-MazeMoviesTests.debug.xcconfig */,
				DA48FD1ECD6DAE0E328158AC /* Pods-MazeMoviesTests.release.xcconfig */,
			);
			path = Pods;
			sourceTree = "<group>";
		};
		9D1B668925DBB8AC00840DD9 /* Collection View Cells */ = {
			isa = PBXGroup;
			children = (
				9D1B668A25DBB8EC00840DD9 /* NowShowingCollectionViewCell.swift */,
				9D8626EF25DD079B00144707 /* HeaderCollectionReusableView.swift */,
			);
			path = "Collection View Cells";
			sourceTree = "<group>";
		};
		9D4C1D4925CFD0E600B59669 = {
			isa = PBXGroup;
			children = (
				9D4C1D5425CFD0E600B59669 /* MazeMovies */,
				9D4C1D6E25CFD0E900B59669 /* MazeMoviesTests */,
				9D4C1D7925CFD0E900B59669 /* MazeMoviesUITests */,
				9D4C1D5325CFD0E600B59669 /* Products */,
				4B42567FABF6D02F4247803C /* Pods */,
				A24A66F01979B663059FE017 /* Frameworks */,
			);
			sourceTree = "<group>";
		};
		9D4C1D5325CFD0E600B59669 /* Products */ = {
			isa = PBXGroup;
			children = (
				9D4C1D5225CFD0E600B59669 /* MazeMovies.app */,
				9D4C1D6B25CFD0E900B59669 /* MazeMoviesTests.xctest */,
				9D4C1D7625CFD0E900B59669 /* MazeMoviesUITests.xctest */,
			);
			name = Products;
			sourceTree = "<group>";
		};
		9D4C1D5425CFD0E600B59669 /* MazeMovies */ = {
			isa = PBXGroup;
			children = (
				9DEE6C6D25E145B500EA5866 /* Application */,
				9DEE6C6E25E145EC00EA5866 /* Presentation */,
				9DEE6C7225E146DA00EA5866 /* Domain */,
				9DEE6C7325E1479700EA5866 /* Data */,
				9DEE6C8225E14A4500EA5866 /* Common */,
				9DEE6C8325E14A5400EA5866 /* Resources */,
				9DEE6C8125E14A2200EA5866 /* Infrastructure */,
			);
			path = MazeMovies;
			sourceTree = "<group>";
		};
		9D4C1D6E25CFD0E900B59669 /* MazeMoviesTests */ = {
			isa = PBXGroup;
			children = (
				9D4C1D6F25CFD0E900B59669 /* MazeMoviesTests.swift */,
				9D4C1D7125CFD0E900B59669 /* Info.plist */,
			);
			path = MazeMoviesTests;
			sourceTree = "<group>";
		};
		9D4C1D7925CFD0E900B59669 /* MazeMoviesUITests */ = {
			isa = PBXGroup;
			children = (
				9D4C1D7A25CFD0E900B59669 /* MazeMoviesUITests.swift */,
				9D4C1D7C25CFD0E900B59669 /* Info.plist */,
			);
			path = MazeMoviesUITests;
			sourceTree = "<group>";
		};
		9D4C1D9925CFDF4400B59669 /* Supporting Files */ = {
			isa = PBXGroup;
			children = (
				9DD41CCE25D80C3000E4CB99 /* MMViewController.swift */,
				9DEE6C5B25E1325F00EA5866 /* RoundedButton.swift */,
				9D4C1D9A25CFDF7400B59669 /* UIView+Additions.swift */,
				9D8626F425DD0CEB00144707 /* UICollectionView+Additions.swift */,
				9DEC3DF325D564F300DCA64C /* UIColor+Additions.swift */,
				9DEE6C6525E13AFA00EA5866 /* UIViewController+Additions.swift */,
				9DEE6C6025E13A0A00EA5866 /* UI Additions.swift */,
			);
			path = "Supporting Files";
			sourceTree = "<group>";
		};
		9DD41CDE25D80F6B00E4CB99 /* View Model */ = {
			isa = PBXGroup;
			children = (
				9DD41CD925D80F6300E4CB99 /* LoginViewModel.swift */,
			);
			path = "View Model";
			sourceTree = "<group>";
		};
		9DEE6C6D25E145B500EA5866 /* Application */ = {
			isa = PBXGroup;
			children = (
				9D4C1D5525CFD0E600B59669 /* AppDelegate.swift */,
				9D4C1D5725CFD0E600B59669 /* SceneDelegate.swift */,
			);
			path = Application;
			sourceTree = "<group>";
		};
		9DEE6C6E25E145EC00EA5866 /* Presentation */ = {
			isa = PBXGroup;
			children = (
				9DEE6C7625E1483500EA5866 /* Main Scene */,
				9DEE6C6F25E1461700EA5866 /* Login Scene */,
				9D4C1D9925CFDF4400B59669 /* Supporting Files */,
			);
			path = Presentation;
			sourceTree = "<group>";
		};
		9DEE6C6F25E1461700EA5866 /* Login Scene */ = {
			isa = PBXGroup;
			children = (
				9DEE6C8025E1499D00EA5866 /* Views */,
				9DD41CDE25D80F6B00E4CB99 /* View Model */,
			);
			path = "Login Scene";
			sourceTree = "<group>";
		};
		9DEE6C7025E1465700EA5866 /* Home Scene */ = {
			isa = PBXGroup;
			children = (
				9DEE6C7125E1466F00EA5866 /* Views */,
			);
			path = "Home Scene";
			sourceTree = "<group>";
		};
		9DEE6C7125E1466F00EA5866 /* Views */ = {
			isa = PBXGroup;
			children = (
				9DD41CB525D7FFEB00E4CB99 /* HomeViewController.swift */,
				9D1B668925DBB8AC00840DD9 /* Collection View Cells */,
			);
			path = Views;
			sourceTree = "<group>";
		};
		9DEE6C7225E146DA00EA5866 /* Domain */ = {
			isa = PBXGroup;
			children = (
			);
			path = Domain;
			sourceTree = "<group>";
		};
		9DEE6C7325E1479700EA5866 /* Data */ = {
			isa = PBXGroup;
			children = (
				9DEE6C7425E147BF00EA5866 /* Network */,
				9DEE6C7525E147E000EA5866 /* Persistence Storage */,
			);
			path = Data;
			sourceTree = "<group>";
		};
		9DEE6C7425E147BF00EA5866 /* Network */ = {
			isa = PBXGroup;
			children = (
			);
			path = Network;
			sourceTree = "<group>";
		};
		9DEE6C7525E147E000EA5866 /* Persistence Storage */ = {
			isa = PBXGroup;
			children = (
				9DEE6C8425E14ACD00EA5866 /* Core Data Storage */,
			);
			path = "Persistence Storage";
			sourceTree = "<group>";
		};
		9DEE6C7625E1483500EA5866 /* Main Scene */ = {
			isa = PBXGroup;
			children = (
				9DEE6C7725E1485E00EA5866 /* Views */,
				9DEE6C7025E1465700EA5866 /* Home Scene */,
				9DEE6C7825E1489B00EA5866 /* Search Scene */,
				9DEE6C7925E148AA00EA5866 /* Profile Scene */,
				9DEE6C7B25E148E600EA5866 /* Watchlist Scene */,
				9DEE6C7A25E148BD00EA5866 /* Favorites Scene */,
			);
			path = "Main Scene";
			sourceTree = "<group>";
		};
		9DEE6C7725E1485E00EA5866 /* Views */ = {
			isa = PBXGroup;
			children = (
				9DD41CB025D7FF9C00E4CB99 /* MMMainTabBarController.swift */,
			);
			path = Views;
			sourceTree = "<group>";
		};
		9DEE6C7825E1489B00EA5866 /* Search Scene */ = {
			isa = PBXGroup;
			children = (
				9DEE6C7C25E1493200EA5866 /* Views */,
			);
			path = "Search Scene";
			sourceTree = "<group>";
		};
		9DEE6C7925E148AA00EA5866 /* Profile Scene */ = {
			isa = PBXGroup;
			children = (
				9DEE6C7D25E1496500EA5866 /* Views */,
			);
			path = "Profile Scene";
			sourceTree = "<group>";
		};
		9DEE6C7A25E148BD00EA5866 /* Favorites Scene */ = {
			isa = PBXGroup;
			children = (
				9DEE6C7F25E1498900EA5866 /* Views */,
			);
			path = "Favorites Scene";
			sourceTree = "<group>";
		};
		9DEE6C7B25E148E600EA5866 /* Watchlist Scene */ = {
			isa = PBXGroup;
			children = (
				9DEE6C7E25E1497700EA5866 /* Views */,
			);
			path = "Watchlist Scene";
			sourceTree = "<group>";
		};
		9DEE6C7C25E1493200EA5866 /* Views */ = {
			isa = PBXGroup;
			children = (
				9DD41CBA25D7FFFE00E4CB99 /* SearchViewController.swift */,
			);
			path = Views;
			sourceTree = "<group>";
		};
		9DEE6C7D25E1496500EA5866 /* Views */ = {
			isa = PBXGroup;
			children = (
				9DD41CBF25D8001000E4CB99 /* ProfileViewController.swift */,
			);
			path = Views;
			sourceTree = "<group>";
		};
		9DEE6C7E25E1497700EA5866 /* Views */ = {
			isa = PBXGroup;
			children = (
				9DD41CC925D8005200E4CB99 /* WatchListViewController.swift */,
			);
			path = Views;
			sourceTree = "<group>";
		};
		9DEE6C7F25E1498900EA5866 /* Views */ = {
			isa = PBXGroup;
			children = (
				9DD41CC425D8004400E4CB99 /* FavoritesViewController.swift */,
			);
			path = Views;
			sourceTree = "<group>";
		};
		9DEE6C8025E1499D00EA5866 /* Views */ = {
			isa = PBXGroup;
			children = (
				9D4C1D9125CFD1D200B59669 /* LoginViewController.swift */,
			);
			path = Views;
			sourceTree = "<group>";
		};
		9DEE6C8125E14A2200EA5866 /* Infrastructure */ = {
			isa = PBXGroup;
			children = (
			);
			path = Infrastructure;
			sourceTree = "<group>";
		};
		9DEE6C8225E14A4500EA5866 /* Common */ = {
			isa = PBXGroup;
			children = (
			);
			path = Common;
			sourceTree = "<group>";
		};
		9DEE6C8325E14A5400EA5866 /* Resources */ = {
			isa = PBXGroup;
			children = (
				9D4C1D6625CFD0E900B59669 /* Info.plist */,
				9D4C1D6325CFD0E900B59669 /* LaunchScreen.storyboard */,
				9D4C1D6125CFD0E900B59669 /* Assets.xcassets */,
			);
			path = Resources;
			sourceTree = "<group>";
		};
		9DEE6C8425E14ACD00EA5866 /* Core Data Storage */ = {
			isa = PBXGroup;
			children = (
				9D4C1D5E25CFD0E600B59669 /* MazeMovies.xcdatamodeld */,
			);
			path = "Core Data Storage";
			sourceTree = "<group>";
		};
		A24A66F01979B663059FE017 /* Frameworks */ = {
			isa = PBXGroup;
			children = (
				43CCA84B65B2B5ACE84F17EA /* Pods_MazeMovies.framework */,
				7991E7CE14EC78154EBB6159 /* Pods_MazeMovies_MazeMoviesUITests.framework */,
				65C9F1A63AA944458BAF1A29 /* Pods_MazeMoviesTests.framework */,
			);
			name = Frameworks;
			sourceTree = "<group>";
		};
/* End PBXGroup section */

/* Begin PBXNativeTarget section */
		9D4C1D5125CFD0E600B59669 /* MazeMovies */ = {
			isa = PBXNativeTarget;
			buildConfigurationList = 9D4C1D7F25CFD0E900B59669 /* Build configuration list for PBXNativeTarget "MazeMovies" */;
			buildPhases = (
				48044CB07CEB4A6ABBFA881F /* [CP] Check Pods Manifest.lock */,
				9D4C1D4E25CFD0E600B59669 /* Sources */,
				9D4C1D4F25CFD0E600B59669 /* Frameworks */,
				9D4C1D5025CFD0E600B59669 /* Resources */,
				9D29021025D66E6100C1E0BB /* ShellScript */,
			);
			buildRules = (
			);
			dependencies = (
			);
			name = MazeMovies;
			packageProductDependencies = (
			);
			productName = MazeMovies;
			productReference = 9D4C1D5225CFD0E600B59669 /* MazeMovies.app */;
			productType = "com.apple.product-type.application";
		};
		9D4C1D6A25CFD0E900B59669 /* MazeMoviesTests */ = {
			isa = PBXNativeTarget;
			buildConfigurationList = 9D4C1D8225CFD0E900B59669 /* Build configuration list for PBXNativeTarget "MazeMoviesTests" */;
			buildPhases = (
				7642F3B00C04B629A1615BA5 /* [CP] Check Pods Manifest.lock */,
				9D4C1D6725CFD0E900B59669 /* Sources */,
				9D4C1D6825CFD0E900B59669 /* Frameworks */,
				9D4C1D6925CFD0E900B59669 /* Resources */,
			);
			buildRules = (
			);
			dependencies = (
				9D4C1D6D25CFD0E900B59669 /* PBXTargetDependency */,
			);
			name = MazeMoviesTests;
			productName = MazeMoviesTests;
			productReference = 9D4C1D6B25CFD0E900B59669 /* MazeMoviesTests.xctest */;
			productType = "com.apple.product-type.bundle.unit-test";
		};
		9D4C1D7525CFD0E900B59669 /* MazeMoviesUITests */ = {
			isa = PBXNativeTarget;
			buildConfigurationList = 9D4C1D8525CFD0E900B59669 /* Build configuration list for PBXNativeTarget "MazeMoviesUITests" */;
			buildPhases = (
				0DAD50C0756629BF300C86F2 /* [CP] Check Pods Manifest.lock */,
				9D4C1D7225CFD0E900B59669 /* Sources */,
				9D4C1D7325CFD0E900B59669 /* Frameworks */,
				9D4C1D7425CFD0E900B59669 /* Resources */,
			);
			buildRules = (
			);
			dependencies = (
				9D4C1D7825CFD0E900B59669 /* PBXTargetDependency */,
			);
			name = MazeMoviesUITests;
			productName = MazeMoviesUITests;
			productReference = 9D4C1D7625CFD0E900B59669 /* MazeMoviesUITests.xctest */;
			productType = "com.apple.product-type.bundle.ui-testing";
		};
/* End PBXNativeTarget section */

/* Begin PBXProject section */
		9D4C1D4A25CFD0E600B59669 /* Project object */ = {
			isa = PBXProject;
			attributes = {
				LastSwiftUpdateCheck = 1230;
				LastUpgradeCheck = 1230;
				TargetAttributes = {
					9D4C1D5125CFD0E600B59669 = {
						CreatedOnToolsVersion = 12.3;
					};
					9D4C1D6A25CFD0E900B59669 = {
						CreatedOnToolsVersion = 12.3;
						TestTargetID = 9D4C1D5125CFD0E600B59669;
					};
					9D4C1D7525CFD0E900B59669 = {
						CreatedOnToolsVersion = 12.3;
						TestTargetID = 9D4C1D5125CFD0E600B59669;
					};
				};
			};
			buildConfigurationList = 9D4C1D4D25CFD0E600B59669 /* Build configuration list for PBXProject "MazeMovies" */;
			compatibilityVersion = "Xcode 9.3";
			developmentRegion = en;
			hasScannedForEncodings = 0;
			knownRegions = (
				en,
				Base,
			);
			mainGroup = 9D4C1D4925CFD0E600B59669;
			packageReferences = (
			);
			productRefGroup = 9D4C1D5325CFD0E600B59669 /* Products */;
			projectDirPath = "";
			projectRoot = "";
			targets = (
				9D4C1D5125CFD0E600B59669 /* MazeMovies */,
				9D4C1D6A25CFD0E900B59669 /* MazeMoviesTests */,
				9D4C1D7525CFD0E900B59669 /* MazeMoviesUITests */,
			);
		};
/* End PBXProject section */

/* Begin PBXResourcesBuildPhase section */
		9D4C1D5025CFD0E600B59669 /* Resources */ = {
			isa = PBXResourcesBuildPhase;
			buildActionMask = 2147483647;
			files = (
				9D4C1D6525CFD0E900B59669 /* LaunchScreen.storyboard in Resources */,
				9D4C1D6225CFD0E900B59669 /* Assets.xcassets in Resources */,
			);
			runOnlyForDeploymentPostprocessing = 0;
		};
		9D4C1D6925CFD0E900B59669 /* Resources */ = {
			isa = PBXResourcesBuildPhase;
			buildActionMask = 2147483647;
			files = (
			);
			runOnlyForDeploymentPostprocessing = 0;
		};
		9D4C1D7425CFD0E900B59669 /* Resources */ = {
			isa = PBXResourcesBuildPhase;
			buildActionMask = 2147483647;
			files = (
			);
			runOnlyForDeploymentPostprocessing = 0;
		};
/* End PBXResourcesBuildPhase section */

/* Begin PBXShellScriptBuildPhase section */
		0DAD50C0756629BF300C86F2 /* [CP] Check Pods Manifest.lock */ = {
			isa = PBXShellScriptBuildPhase;
			buildActionMask = 2147483647;
			files = (
			);
			inputFileListPaths = (
			);
			inputPaths = (
				"${PODS_PODFILE_DIR_PATH}/Podfile.lock",
				"${PODS_ROOT}/Manifest.lock",
			);
			name = "[CP] Check Pods Manifest.lock";
			outputFileListPaths = (
			);
			outputPaths = (
				"$(DERIVED_FILE_DIR)/Pods-MazeMovies-MazeMoviesUITests-checkManifestLockResult.txt",
			);
			runOnlyForDeploymentPostprocessing = 0;
			shellPath = /bin/sh;
			shellScript = "diff \"${PODS_PODFILE_DIR_PATH}/Podfile.lock\" \"${PODS_ROOT}/Manifest.lock\" > /dev/null\nif [ $? != 0 ] ; then\n    # print error to STDERR\n    echo \"error: The sandbox is not in sync with the Podfile.lock. Run 'pod install' or update your CocoaPods installation.\" >&2\n    exit 1\nfi\n# This output is used by Xcode 'outputs' to avoid re-running this script phase.\necho \"SUCCESS\" > \"${SCRIPT_OUTPUT_FILE_0}\"\n";
			showEnvVarsInLog = 0;
		};
		48044CB07CEB4A6ABBFA881F /* [CP] Check Pods Manifest.lock */ = {
			isa = PBXShellScriptBuildPhase;
			buildActionMask = 2147483647;
			files = (
			);
			inputFileListPaths = (
			);
			inputPaths = (
				"${PODS_PODFILE_DIR_PATH}/Podfile.lock",
				"${PODS_ROOT}/Manifest.lock",
			);
			name = "[CP] Check Pods Manifest.lock";
			outputFileListPaths = (
			);
			outputPaths = (
				"$(DERIVED_FILE_DIR)/Pods-MazeMovies-checkManifestLockResult.txt",
			);
			runOnlyForDeploymentPostprocessing = 0;
			shellPath = /bin/sh;
			shellScript = "diff \"${PODS_PODFILE_DIR_PATH}/Podfile.lock\" \"${PODS_ROOT}/Manifest.lock\" > /dev/null\nif [ $? != 0 ] ; then\n    # print error to STDERR\n    echo \"error: The sandbox is not in sync with the Podfile.lock. Run 'pod install' or update your CocoaPods installation.\" >&2\n    exit 1\nfi\n# This output is used by Xcode 'outputs' to avoid re-running this script phase.\necho \"SUCCESS\" > \"${SCRIPT_OUTPUT_FILE_0}\"\n";
			showEnvVarsInLog = 0;
		};
		7642F3B00C04B629A1615BA5 /* [CP] Check Pods Manifest.lock */ = {
			isa = PBXShellScriptBuildPhase;
			buildActionMask = 2147483647;
			files = (
			);
			inputFileListPaths = (
			);
			inputPaths = (
				"${PODS_PODFILE_DIR_PATH}/Podfile.lock",
				"${PODS_ROOT}/Manifest.lock",
			);
			name = "[CP] Check Pods Manifest.lock";
			outputFileListPaths = (
			);
			outputPaths = (
				"$(DERIVED_FILE_DIR)/Pods-MazeMoviesTests-checkManifestLockResult.txt",
			);
			runOnlyForDeploymentPostprocessing = 0;
			shellPath = /bin/sh;
			shellScript = "diff \"${PODS_PODFILE_DIR_PATH}/Podfile.lock\" \"${PODS_ROOT}/Manifest.lock\" > /dev/null\nif [ $? != 0 ] ; then\n    # print error to STDERR\n    echo \"error: The sandbox is not in sync with the Podfile.lock. Run 'pod install' or update your CocoaPods installation.\" >&2\n    exit 1\nfi\n# This output is used by Xcode 'outputs' to avoid re-running this script phase.\necho \"SUCCESS\" > \"${SCRIPT_OUTPUT_FILE_0}\"\n";
			showEnvVarsInLog = 0;
		};
		9D29021025D66E6100C1E0BB /* ShellScript */ = {
			isa = PBXShellScriptBuildPhase;
			buildActionMask = 2147483647;
			files = (
			);
			inputFileListPaths = (
			);
			inputPaths = (
			);
			outputFileListPaths = (
			);
			outputPaths = (
			);
			runOnlyForDeploymentPostprocessing = 0;
			shellPath = /bin/sh;
			shellScript = "\"${PODS_ROOT}/SwiftLint/swiftlint\"\n";
		};
/* End PBXShellScriptBuildPhase section */

/* Begin PBXSourcesBuildPhase section */
		9D4C1D4E25CFD0E600B59669 /* Sources */ = {
			isa = PBXSourcesBuildPhase;
			buildActionMask = 2147483647;
			files = (
				9D8626F025DD079B00144707 /* HeaderCollectionReusableView.swift in Sources */,
				9D4C1D9B25CFDF7400B59669 /* UIView+Additions.swift in Sources */,
				9D4C1D9225CFD1D200B59669 /* LoginViewController.swift in Sources */,
				9DD41CC025D8001000E4CB99 /* ProfileViewController.swift in Sources */,
				9D4C1D5625CFD0E600B59669 /* AppDelegate.swift in Sources */,
				9DD41CBB25D7FFFE00E4CB99 /* SearchViewController.swift in Sources */,
				9DEE6C6125E13A0A00EA5866 /* UI Additions.swift in Sources */,
				9DD41CB625D7FFEB00E4CB99 /* HomeViewController.swift in Sources */,
				9DEE6C6625E13AFA00EA5866 /* UIViewController+Additions.swift in Sources */,
				9DD41CDA25D80F6300E4CB99 /* LoginViewModel.swift in Sources */,
				9DD41CC525D8004400E4CB99 /* FavoritesViewController.swift in Sources */,
				9D4C1D5825CFD0E600B59669 /* SceneDelegate.swift in Sources */,
				9DD41CCF25D80C3000E4CB99 /* MMViewController.swift in Sources */,
				9D1B668B25DBB8EC00840DD9 /* NowShowingCollectionViewCell.swift in Sources */,
				9DD41CB125D7FF9C00E4CB99 /* MMMainTabBarController.swift in Sources */,
				9DEE6C5C25E1325F00EA5866 /* RoundedButton.swift in Sources */,
				9D4C1D6025CFD0E600B59669 /* MazeMovies.xcdatamodeld in Sources */,
				9DD41CCA25D8005200E4CB99 /* WatchListViewController.swift in Sources */,
				9DEC3DF425D564F300DCA64C /* UIColor+Additions.swift in Sources */,
				9D8626F525DD0CEB00144707 /* UICollectionView+Additions.swift in Sources */,
			);
			runOnlyForDeploymentPostprocessing = 0;
		};
		9D4C1D6725CFD0E900B59669 /* Sources */ = {
			isa = PBXSourcesBuildPhase;
			buildActionMask = 2147483647;
			files = (
				9D4C1D7025CFD0E900B59669 /* MazeMoviesTests.swift in Sources */,
			);
			runOnlyForDeploymentPostprocessing = 0;
		};
		9D4C1D7225CFD0E900B59669 /* Sources */ = {
			isa = PBXSourcesBuildPhase;
			buildActionMask = 2147483647;
			files = (
				9D4C1D7B25CFD0E900B59669 /* MazeMoviesUITests.swift in Sources */,
			);
			runOnlyForDeploymentPostprocessing = 0;
		};
/* End PBXSourcesBuildPhase section */

/* Begin PBXTargetDependency section */
		9D4C1D6D25CFD0E900B59669 /* PBXTargetDependency */ = {
			isa = PBXTargetDependency;
			target = 9D4C1D5125CFD0E600B59669 /* MazeMovies */;
			targetProxy = 9D4C1D6C25CFD0E900B59669 /* PBXContainerItemProxy */;
		};
		9D4C1D7825CFD0E900B59669 /* PBXTargetDependency */ = {
			isa = PBXTargetDependency;
			target = 9D4C1D5125CFD0E600B59669 /* MazeMovies */;
			targetProxy = 9D4C1D7725CFD0E900B59669 /* PBXContainerItemProxy */;
		};
/* End PBXTargetDependency section */

/* Begin PBXVariantGroup section */
		9D4C1D6325CFD0E900B59669 /* LaunchScreen.storyboard */ = {
			isa = PBXVariantGroup;
			children = (
				9D4C1D6425CFD0E900B59669 /* Base */,
			);
			name = LaunchScreen.storyboard;
			sourceTree = "<group>";
		};
/* End PBXVariantGroup section */

/* Begin XCBuildConfiguration section */
		9D4C1D7D25CFD0E900B59669 /* Debug */ = {
			isa = XCBuildConfiguration;
			buildSettings = {
				ALWAYS_SEARCH_USER_PATHS = NO;
				CLANG_ANALYZER_NONNULL = YES;
				CLANG_ANALYZER_NUMBER_OBJECT_CONVERSION = YES_AGGRESSIVE;
				CLANG_CXX_LANGUAGE_STANDARD = "gnu++14";
				CLANG_CXX_LIBRARY = "libc++";
				CLANG_ENABLE_MODULES = YES;
				CLANG_ENABLE_OBJC_ARC = YES;
				CLANG_ENABLE_OBJC_WEAK = YES;
				CLANG_WARN_BLOCK_CAPTURE_AUTORELEASING = YES;
				CLANG_WARN_BOOL_CONVERSION = YES;
				CLANG_WARN_COMMA = YES;
				CLANG_WARN_CONSTANT_CONVERSION = YES;
				CLANG_WARN_DEPRECATED_OBJC_IMPLEMENTATIONS = YES;
				CLANG_WARN_DIRECT_OBJC_ISA_USAGE = YES_ERROR;
				CLANG_WARN_DOCUMENTATION_COMMENTS = YES;
				CLANG_WARN_EMPTY_BODY = YES;
				CLANG_WARN_ENUM_CONVERSION = YES;
				CLANG_WARN_INFINITE_RECURSION = YES;
				CLANG_WARN_INT_CONVERSION = YES;
				CLANG_WARN_NON_LITERAL_NULL_CONVERSION = YES;
				CLANG_WARN_OBJC_IMPLICIT_RETAIN_SELF = YES;
				CLANG_WARN_OBJC_LITERAL_CONVERSION = YES;
				CLANG_WARN_OBJC_ROOT_CLASS = YES_ERROR;
				CLANG_WARN_QUOTED_INCLUDE_IN_FRAMEWORK_HEADER = YES;
				CLANG_WARN_RANGE_LOOP_ANALYSIS = YES;
				CLANG_WARN_STRICT_PROTOTYPES = YES;
				CLANG_WARN_SUSPICIOUS_MOVE = YES;
				CLANG_WARN_UNGUARDED_AVAILABILITY = YES_AGGRESSIVE;
				CLANG_WARN_UNREACHABLE_CODE = YES;
				CLANG_WARN__DUPLICATE_METHOD_MATCH = YES;
				COPY_PHASE_STRIP = NO;
				DEBUG_INFORMATION_FORMAT = dwarf;
				ENABLE_STRICT_OBJC_MSGSEND = YES;
				ENABLE_TESTABILITY = YES;
				GCC_C_LANGUAGE_STANDARD = gnu11;
				GCC_DYNAMIC_NO_PIC = NO;
				GCC_NO_COMMON_BLOCKS = YES;
				GCC_OPTIMIZATION_LEVEL = 0;
				GCC_PREPROCESSOR_DEFINITIONS = (
					"DEBUG=1",
					"$(inherited)",
				);
				GCC_WARN_64_TO_32_BIT_CONVERSION = YES;
				GCC_WARN_ABOUT_RETURN_TYPE = YES_ERROR;
				GCC_WARN_UNDECLARED_SELECTOR = YES;
				GCC_WARN_UNINITIALIZED_AUTOS = YES_AGGRESSIVE;
				GCC_WARN_UNUSED_FUNCTION = YES;
				GCC_WARN_UNUSED_VARIABLE = YES;
				IPHONEOS_DEPLOYMENT_TARGET = 14.3;
				MTL_ENABLE_DEBUG_INFO = INCLUDE_SOURCE;
				MTL_FAST_MATH = YES;
				ONLY_ACTIVE_ARCH = YES;
				SDKROOT = iphoneos;
				SWIFT_ACTIVE_COMPILATION_CONDITIONS = DEBUG;
				SWIFT_OPTIMIZATION_LEVEL = "-Onone";
			};
			name = Debug;
		};
		9D4C1D7E25CFD0E900B59669 /* Release */ = {
			isa = XCBuildConfiguration;
			buildSettings = {
				ALWAYS_SEARCH_USER_PATHS = NO;
				CLANG_ANALYZER_NONNULL = YES;
				CLANG_ANALYZER_NUMBER_OBJECT_CONVERSION = YES_AGGRESSIVE;
				CLANG_CXX_LANGUAGE_STANDARD = "gnu++14";
				CLANG_CXX_LIBRARY = "libc++";
				CLANG_ENABLE_MODULES = YES;
				CLANG_ENABLE_OBJC_ARC = YES;
				CLANG_ENABLE_OBJC_WEAK = YES;
				CLANG_WARN_BLOCK_CAPTURE_AUTORELEASING = YES;
				CLANG_WARN_BOOL_CONVERSION = YES;
				CLANG_WARN_COMMA = YES;
				CLANG_WARN_CONSTANT_CONVERSION = YES;
				CLANG_WARN_DEPRECATED_OBJC_IMPLEMENTATIONS = YES;
				CLANG_WARN_DIRECT_OBJC_ISA_USAGE = YES_ERROR;
				CLANG_WARN_DOCUMENTATION_COMMENTS = YES;
				CLANG_WARN_EMPTY_BODY = YES;
				CLANG_WARN_ENUM_CONVERSION = YES;
				CLANG_WARN_INFINITE_RECURSION = YES;
				CLANG_WARN_INT_CONVERSION = YES;
				CLANG_WARN_NON_LITERAL_NULL_CONVERSION = YES;
				CLANG_WARN_OBJC_IMPLICIT_RETAIN_SELF = YES;
				CLANG_WARN_OBJC_LITERAL_CONVERSION = YES;
				CLANG_WARN_OBJC_ROOT_CLASS = YES_ERROR;
				CLANG_WARN_QUOTED_INCLUDE_IN_FRAMEWORK_HEADER = YES;
				CLANG_WARN_RANGE_LOOP_ANALYSIS = YES;
				CLANG_WARN_STRICT_PROTOTYPES = YES;
				CLANG_WARN_SUSPICIOUS_MOVE = YES;
				CLANG_WARN_UNGUARDED_AVAILABILITY = YES_AGGRESSIVE;
				CLANG_WARN_UNREACHABLE_CODE = YES;
				CLANG_WARN__DUPLICATE_METHOD_MATCH = YES;
				COPY_PHASE_STRIP = NO;
				DEBUG_INFORMATION_FORMAT = "dwarf-with-dsym";
				ENABLE_NS_ASSERTIONS = NO;
				ENABLE_STRICT_OBJC_MSGSEND = YES;
				GCC_C_LANGUAGE_STANDARD = gnu11;
				GCC_NO_COMMON_BLOCKS = YES;
				GCC_WARN_64_TO_32_BIT_CONVERSION = YES;
				GCC_WARN_ABOUT_RETURN_TYPE = YES_ERROR;
				GCC_WARN_UNDECLARED_SELECTOR = YES;
				GCC_WARN_UNINITIALIZED_AUTOS = YES_AGGRESSIVE;
				GCC_WARN_UNUSED_FUNCTION = YES;
				GCC_WARN_UNUSED_VARIABLE = YES;
				IPHONEOS_DEPLOYMENT_TARGET = 14.3;
				MTL_ENABLE_DEBUG_INFO = NO;
				MTL_FAST_MATH = YES;
				SDKROOT = iphoneos;
				SWIFT_COMPILATION_MODE = wholemodule;
				SWIFT_OPTIMIZATION_LEVEL = "-O";
				VALIDATE_PRODUCT = YES;
			};
			name = Release;
		};
		9D4C1D8025CFD0E900B59669 /* Debug */ = {
			isa = XCBuildConfiguration;
			baseConfigurationReference = 86BA87117D1CCAA268514DF1 /* Pods-MazeMovies.debug.xcconfig */;
			buildSettings = {
				ASSETCATALOG_COMPILER_APPICON_NAME = AppIcon;
				ASSETCATALOG_COMPILER_GLOBAL_ACCENT_COLOR_NAME = AccentColor;
				CODE_SIGN_STYLE = Automatic;
				DEVELOPMENT_TEAM = 77S45L7QZX;
				INFOPLIST_FILE = MazeMovies/Info.plist;
				IPHONEOS_DEPLOYMENT_TARGET = 14.0;
				LD_RUNPATH_SEARCH_PATHS = (
					"$(inherited)",
					"@executable_path/Frameworks",
				);
				PRODUCT_BUNDLE_IDENTIFIER = pranaychander.MazeMovies;
				PRODUCT_NAME = "$(TARGET_NAME)";
				SWIFT_VERSION = 5.0;
				TARGETED_DEVICE_FAMILY = "1,2";
			};
			name = Debug;
		};
		9D4C1D8125CFD0E900B59669 /* Release */ = {
			isa = XCBuildConfiguration;
			baseConfigurationReference = 9D285D59247CF3075FC52EF8 /* Pods-MazeMovies.release.xcconfig */;
			buildSettings = {
				ASSETCATALOG_COMPILER_APPICON_NAME = AppIcon;
				ASSETCATALOG_COMPILER_GLOBAL_ACCENT_COLOR_NAME = AccentColor;
				CODE_SIGN_STYLE = Automatic;
				DEVELOPMENT_TEAM = 77S45L7QZX;
				INFOPLIST_FILE = MazeMovies/Info.plist;
				IPHONEOS_DEPLOYMENT_TARGET = 14.0;
				LD_RUNPATH_SEARCH_PATHS = (
					"$(inherited)",
					"@executable_path/Frameworks",
				);
				PRODUCT_BUNDLE_IDENTIFIER = pranaychander.MazeMovies;
				PRODUCT_NAME = "$(TARGET_NAME)";
				SWIFT_VERSION = 5.0;
				TARGETED_DEVICE_FAMILY = "1,2";
			};
			name = Release;
		};
		9D4C1D8325CFD0E900B59669 /* Debug */ = {
			isa = XCBuildConfiguration;
			baseConfigurationReference = DFD0EC7406F62E4FDD9A639D /* Pods-MazeMoviesTests.debug.xcconfig */;
			buildSettings = {
				ALWAYS_EMBED_SWIFT_STANDARD_LIBRARIES = YES;
				BUNDLE_LOADER = "$(TEST_HOST)";
				CODE_SIGN_STYLE = Automatic;
				DEVELOPMENT_TEAM = 77S45L7QZX;
				INFOPLIST_FILE = MazeMoviesTests/Info.plist;
				IPHONEOS_DEPLOYMENT_TARGET = 14.3;
				LD_RUNPATH_SEARCH_PATHS = (
					"$(inherited)",
					"@executable_path/Frameworks",
					"@loader_path/Frameworks",
				);
				PRODUCT_BUNDLE_IDENTIFIER = pranaychander.MazeMoviesTests;
				PRODUCT_NAME = "$(TARGET_NAME)";
				SWIFT_VERSION = 5.0;
				TARGETED_DEVICE_FAMILY = "1,2";
				TEST_HOST = "$(BUILT_PRODUCTS_DIR)/MazeMovies.app/MazeMovies";
			};
			name = Debug;
		};
		9D4C1D8425CFD0E900B59669 /* Release */ = {
			isa = XCBuildConfiguration;
			baseConfigurationReference = DA48FD1ECD6DAE0E328158AC /* Pods-MazeMoviesTests.release.xcconfig */;
			buildSettings = {
				ALWAYS_EMBED_SWIFT_STANDARD_LIBRARIES = YES;
				BUNDLE_LOADER = "$(TEST_HOST)";
				CODE_SIGN_STYLE = Automatic;
				DEVELOPMENT_TEAM = 77S45L7QZX;
				INFOPLIST_FILE = MazeMoviesTests/Info.plist;
				IPHONEOS_DEPLOYMENT_TARGET = 14.3;
				LD_RUNPATH_SEARCH_PATHS = (
					"$(inherited)",
					"@executable_path/Frameworks",
					"@loader_path/Frameworks",
				);
				PRODUCT_BUNDLE_IDENTIFIER = pranaychander.MazeMoviesTests;
				PRODUCT_NAME = "$(TARGET_NAME)";
				SWIFT_VERSION = 5.0;
				TARGETED_DEVICE_FAMILY = "1,2";
				TEST_HOST = "$(BUILT_PRODUCTS_DIR)/MazeMovies.app/MazeMovies";
			};
			name = Release;
		};
		9D4C1D8625CFD0E900B59669 /* Debug */ = {
			isa = XCBuildConfiguration;
			baseConfigurationReference = 699DFF3F7ABD99C3985CE0FB /* Pods-MazeMovies-MazeMoviesUITests.debug.xcconfig */;
			buildSettings = {
				ALWAYS_EMBED_SWIFT_STANDARD_LIBRARIES = YES;
				CODE_SIGN_STYLE = Automatic;
				DEVELOPMENT_TEAM = 77S45L7QZX;
				INFOPLIST_FILE = MazeMoviesUITests/Info.plist;
				LD_RUNPATH_SEARCH_PATHS = (
					"$(inherited)",
					"@executable_path/Frameworks",
					"@loader_path/Frameworks",
				);
				PRODUCT_BUNDLE_IDENTIFIER = pranaychander.MazeMoviesUITests;
				PRODUCT_NAME = "$(TARGET_NAME)";
				SWIFT_VERSION = 5.0;
				TARGETED_DEVICE_FAMILY = "1,2";
				TEST_TARGET_NAME = MazeMovies;
			};
			name = Debug;
		};
		9D4C1D8725CFD0E900B59669 /* Release */ = {
			isa = XCBuildConfiguration;
			baseConfigurationReference = 3D17095D6BDB9568FFECC47E /* Pods-MazeMovies-MazeMoviesUITests.release.xcconfig */;
			buildSettings = {
				ALWAYS_EMBED_SWIFT_STANDARD_LIBRARIES = YES;
				CODE_SIGN_STYLE = Automatic;
				DEVELOPMENT_TEAM = 77S45L7QZX;
				INFOPLIST_FILE = MazeMoviesUITests/Info.plist;
				LD_RUNPATH_SEARCH_PATHS = (
					"$(inherited)",
					"@executable_path/Frameworks",
					"@loader_path/Frameworks",
				);
				PRODUCT_BUNDLE_IDENTIFIER = pranaychander.MazeMoviesUITests;
				PRODUCT_NAME = "$(TARGET_NAME)";
				SWIFT_VERSION = 5.0;
				TARGETED_DEVICE_FAMILY = "1,2";
				TEST_TARGET_NAME = MazeMovies;
			};
			name = Release;
		};
/* End XCBuildConfiguration section */

/* Begin XCConfigurationList section */
		9D4C1D4D25CFD0E600B59669 /* Build configuration list for PBXProject "MazeMovies" */ = {
			isa = XCConfigurationList;
			buildConfigurations = (
				9D4C1D7D25CFD0E900B59669 /* Debug */,
				9D4C1D7E25CFD0E900B59669 /* Release */,
			);
			defaultConfigurationIsVisible = 0;
			defaultConfigurationName = Release;
		};
		9D4C1D7F25CFD0E900B59669 /* Build configuration list for PBXNativeTarget "MazeMovies" */ = {
			isa = XCConfigurationList;
			buildConfigurations = (
				9D4C1D8025CFD0E900B59669 /* Debug */,
				9D4C1D8125CFD0E900B59669 /* Release */,
			);
			defaultConfigurationIsVisible = 0;
			defaultConfigurationName = Release;
		};
		9D4C1D8225CFD0E900B59669 /* Build configuration list for PBXNativeTarget "MazeMoviesTests" */ = {
			isa = XCConfigurationList;
			buildConfigurations = (
				9D4C1D8325CFD0E900B59669 /* Debug */,
				9D4C1D8425CFD0E900B59669 /* Release */,
			);
			defaultConfigurationIsVisible = 0;
			defaultConfigurationName = Release;
		};
		9D4C1D8525CFD0E900B59669 /* Build configuration list for PBXNativeTarget "MazeMoviesUITests" */ = {
			isa = XCConfigurationList;
			buildConfigurations = (
				9D4C1D8625CFD0E900B59669 /* Debug */,
				9D4C1D8725CFD0E900B59669 /* Release */,
			);
			defaultConfigurationIsVisible = 0;
			defaultConfigurationName = Release;
		};
/* End XCConfigurationList section */

/* Begin XCVersionGroup section */
		9D4C1D5E25CFD0E600B59669 /* MazeMovies.xcdatamodeld */ = {
			isa = XCVersionGroup;
			children = (
				9D4C1D5F25CFD0E600B59669 /* MazeMovies.xcdatamodel */,
			);
			currentVersion = 9D4C1D5F25CFD0E600B59669 /* MazeMovies.xcdatamodel */;
			path = MazeMovies.xcdatamodeld;
			sourceTree = "<group>";
			versionGroupType = wrapper.xcdatamodel;
		};
/* End XCVersionGroup section */
	};
	rootObject = 9D4C1D4A25CFD0E600B59669 /* Project object */;
}
